
Microsoft Visual Studio Solution File, Format Version 12.00
# Visual Studio Version 17
VisualStudioVersion = 17.8.34330.188
MinimumVisualStudioVersion = 10.0.40219.1
Project("{FAE04EC0-301F-11D3-BF4B-00C04F79EFBC}") = "RentMe", "RentMe.csproj", "{DACC6F18-7078-4606-BB12-CF3E2E86BB69}"
EndProject
Global
	GlobalSection(SolutionConfigurationPlatforms) = preSolution
		Debug|Any CPU = Debug|Any CPU
		Release|Any CPU = Release|Any CPU
	EndGlobalSection
	GlobalSection(ProjectConfigurationPlatforms) = postSolution
		{DACC6F18-7078-4606-BB12-CF3E2E86BB69}.Debug|Any CPU.ActiveCfg = Debug|Any CPU
		{DACC6F18-7078-4606-BB12-CF3E2E86BB69}.Debug|Any CPU.Build.0 = Debug|Any CPU
		{DACC6F18-7078-4606-BB12-CF3E2E86BB69}.Release|Any CPU.ActiveCfg = Release|Any CPU
		{DACC6F18-7078-4606-BB12-CF3E2E86BB69}.Release|Any CPU.Build.0 = Release|Any CPU
	EndGlobalSection
	GlobalSection(SolutionProperties) = preSolution
		HideSolutionNode = FALSE
	EndGlobalSection
	GlobalSection(ExtensibilityGlobals) = postSolution
		SolutionGuid = {D40B3EDD-3849-4158-BAF9-0912C88FEF1D}
	EndGlobalSection
EndGlobal
